
Microsoft Visual Studio Solution File, Format Version 12.00
# Visual Studio 14
VisualStudioVersion = 14.0.25123.0
MinimumVisualStudioVersion = 10.0.40219.1
Project("{CC5FD16D-436D-48AD-A40C-5A424C6E3E79}") = "AppTemplate.OwinToAzure.CloudService", "AppTemplate.OwinToAzure.CloudService\AppTemplate.OwinToAzure.CloudService.ccproj", "{BB8052E6-73DC-4850-B5E4-BA9E2CF140B4}"
EndProject
Project("{FAE04EC0-301F-11D3-BF4B-00C04F79EFBC}") = "AppTemplate.Owin.WebApi", "AppTemplate.Owin.WebApi\AppTemplate.Owin.WebApi.csproj", "{4F632067-47CD-4743-AB2C-DA4E86EF1AAC}"
EndProject
Global
	GlobalSection(SolutionConfigurationPlatforms) = preSolution
		Debug|Any CPU = Debug|Any CPU
		Release|Any CPU = Release|Any CPU
	EndGlobalSection
	GlobalSection(ProjectConfigurationPlatforms) = postSolution
		{BB8052E6-73DC-4850-B5E4-BA9E2CF140B4}.Debug|Any CPU.ActiveCfg = Debug|Any CPU
		{BB8052E6-73DC-4850-B5E4-BA9E2CF140B4}.Debug|Any CPU.Build.0 = Debug|Any CPU
		{BB8052E6-73DC-4850-B5E4-BA9E2CF140B4}.Release|Any CPU.ActiveCfg = Release|Any CPU
		{BB8052E6-73DC-4850-B5E4-BA9E2CF140B4}.Release|Any CPU.Build.0 = Release|Any CPU
		{4F632067-47CD-4743-AB2C-DA4E86EF1AAC}.Debug|Any CPU.ActiveCfg = Debug|Any CPU
		{4F632067-47CD-4743-AB2C-DA4E86EF1AAC}.Debug|Any CPU.Build.0 = Debug|Any CPU
		{4F632067-47CD-4743-AB2C-DA4E86EF1AAC}.Release|Any CPU.ActiveCfg = Release|Any CPU
		{4F632067-47CD-4743-AB2C-DA4E86EF1AAC}.Release|Any CPU.Build.0 = Release|Any CPU
	EndGlobalSection
	GlobalSection(SolutionProperties) = preSolution
		HideSolutionNode = FALSE
	EndGlobalSection
EndGlobal
